uuid: 8732d625-3557-42b3-822f-94c8fde63570
langcode: en
status: true
dependencies:
  content:
    - 'block_content:basic:af1cb59e-024f-4cf3-92bb-7fa363c843c9'
  module:
    - block_content
  theme:
    - starter_child_theme
id: starter_child_theme_copyrightblock
theme: starter_child_theme
region: copyright
weight: 0
provider: null
plugin: 'block_content:af1cb59e-024f-4cf3-92bb-7fa363c843c9'
settings:
  id: 'block_content:af1cb59e-024f-4cf3-92bb-7fa363c843c9'
  label: 'Copyright Block'
  label_display: '0'
  provider: block_content
  status: true
  info: ''
  view_mode: full
visibility: {  }
